// !$*UTF8*$!
{
	archiveVersion = 1;
	classes = {
	};
	objectVersion = 50;
	objects = {

/* Begin PBXBuildFile section */
		ADA871DC20A74C35005CD450 /* AppDelegate.swift in Sources */ = {isa = PBXBuildFile; fileRef = ADA871DB20A74C35005CD450 /* AppDelegate.swift */; };
		ADA871DE20A74C35005CD450 /* ViewController.swift in Sources */ = {isa = PBXBuildFile; fileRef = ADA871DD20A74C35005CD450 /* ViewController.swift */; };
		ADA871E120A74C35005CD450 /* Main.storyboard in Resources */ = {isa = PBXBuildFile; fileRef = ADA871DF20A74C35005CD450 /* Main.storyboard */; };
		ADA871E420A74C35005CD450 /* Rayhane_Hamoumi_multec_werkstuk2.xcdatamodeld in Sources */ = {isa = PBXBuildFile; fileRef = ADA871E220A74C35005CD450 /* Rayhane_Hamoumi_multec_werkstuk2.xcdatamodeld */; };
		ADA871E620A74C37005CD450 /* Assets.xcassets in Resources */ = {isa = PBXBuildFile; fileRef = ADA871E520A74C37005CD450 /* Assets.xcassets */; };
		ADA871E920A74C37005CD450 /* LaunchScreen.storyboard in Resources */ = {isa = PBXBuildFile; fileRef = ADA871E720A74C37005CD450 /* LaunchScreen.storyboard */; };
		ADA871F420A74C37005CD450 /* Rayhane_Hamoumi_multec_werkstuk2Tests.swift in Sources */ = {isa = PBXBuildFile; fileRef = ADA871F320A74C37005CD450 /* Rayhane_Hamoumi_multec_werkstuk2Tests.swift */; };
		ADA871FF20A74C37005CD450 /* Rayhane_Hamoumi_multec_werkstuk2UITests.swift in Sources */ = {isa = PBXBuildFile; fileRef = ADA871FE20A74C37005CD450 /* Rayhane_Hamoumi_multec_werkstuk2UITests.swift */; };
		ADA8721920A7936F005CD450 /* ViloStation.swift in Sources */ = {isa = PBXBuildFile; fileRef = ADA8721820A7936F005CD450 /* ViloStation.swift */; };
/* End PBXBuildFile section */

/* Begin PBXContainerItemProxy section */
		ADA871F020A74C37005CD450 /* PBXContainerItemProxy */ = {
			isa = PBXContainerItemProxy;
			containerPortal = ADA871D020A74C35005CD450 /* Project object */;
			proxyType = 1;
			remoteGlobalIDString = ADA871D720A74C35005CD450;
			remoteInfo = Rayhane_Hamoumi_multec_werkstuk2;
		};
		ADA871FB20A74C37005CD450 /* PBXContainerItemProxy */ = {
			isa = PBXContainerItemProxy;
			containerPortal = ADA871D020A74C35005CD450 /* Project object */;
			proxyType = 1;
			remoteGlobalIDString = ADA871D720A74C35005CD450;
			remoteInfo = Rayhane_Hamoumi_multec_werkstuk2;
		};
/* End PBXContainerItemProxy section */

/* Begin PBXFileReference section */
		ADA871D820A74C35005CD450 /* Rayhane_Hamoumi_multec_werkstuk2.app */ = {isa = PBXFileReference; explicitFileType = wrapper.application; includeInIndex = 0; path = Rayhane_Hamoumi_multec_werkstuk2.app; sourceTree = BUILT_PRODUCTS_DIR; };
		ADA871DB20A74C35005CD450 /* AppDelegate.swift */ = {isa = PBXFileReference; lastKnownFileType = sourcecode.swift; path = AppDelegate.swift; sourceTree = "<group>"; };
		ADA871DD20A74C35005CD450 /* ViewController.swift */ = {isa = PBXFileReference; lastKnownFileType = sourcecode.swift; path = ViewController.swift; sourceTree = "<group>"; };
		ADA871E020A74C35005CD450 /* Base */ = {isa = PBXFileReference; lastKnownFileType = file.storyboard; name = Base; path = Base.lproj/Main.storyboard; sourceTree = "<group>"; };
		ADA871E320A74C35005CD450 /* Rayhane_Hamoumi_multec_werkstuk2.xcdatamodel */ = {isa = PBXFileReference; lastKnownFileType = wrapper.xcdatamodel; path = Rayhane_Hamoumi_multec_werkstuk2.xcdatamodel; sourceTree = "<group>"; };
		ADA871E520A74C37005CD450 /* Assets.xcassets */ = {isa = PBXFileReference; lastKnownFileType = folder.assetcatalog; path = Assets.xcassets; sourceTree = "<group>"; };
		ADA871E820A74C37005CD450 /* Base */ = {isa = PBXFileReference; lastKnownFileType = file.storyboard; name = Base; path = Base.lproj/LaunchScreen.storyboard; sourceTree = "<group>"; };
		ADA871EA20A74C37005CD450 /* Info.plist */ = {isa = PBXFileReference; lastKnownFileType = text.plist.xml; path = Info.plist; sourceTree = "<group>"; };
		ADA871EF20A74C37005CD450 /* Rayhane_Hamoumi_multec_werkstuk2Tests.xctest */ = {isa = PBXFileReference; explicitFileType = wrapper.cfbundle; includeInIndex = 0; path = Rayhane_Hamoumi_multec_werkstuk2Tests.xctest; sourceTree = BUILT_PRODUCTS_DIR; };
		ADA871F320A74C37005CD450 /* Rayhane_Hamoumi_multec_werkstuk2Tests.swift */ = {isa = PBXFileReference; lastKnownFileType = sourcecode.swift; path = Rayhane_Hamoumi_multec_werkstuk2Tests.swift; sourceTree = "<group>"; };
		ADA871F520A74C37005CD450 /* Info.plist */ = {isa = PBXFileReference; lastKnownFileType = text.plist.xml; path = Info.plist; sourceTree = "<group>"; };
		ADA871FA20A74C37005CD450 /* Rayhane_Hamoumi_multec_werkstuk2UITests.xctest */ = {isa = PBXFileReference; explicitFileType = wrapper.cfbundle; includeInIndex = 0; path = Rayhane_Hamoumi_multec_werkstuk2UITests.xctest; sourceTree = BUILT_PRODUCTS_DIR; };
		ADA871FE20A74C37005CD450 /* Rayhane_Hamoumi_multec_werkstuk2UITests.swift */ = {isa = PBXFileReference; lastKnownFileType = sourcecode.swift; path = Rayhane_Hamoumi_multec_werkstuk2UITests.swift; sourceTree = "<group>"; };
		ADA8720020A74C37005CD450 /* Info.plist */ = {isa = PBXFileReference; lastKnownFileType = text.plist.xml; path = Info.plist; sourceTree = "<group>"; };
		ADA8721820A7936F005CD450 /* ViloStation.swift */ = {isa = PBXFileReference; lastKnownFileType = sourcecode.swift; path = ViloStation.swift; sourceTree = "<group>"; };
/* End PBXFileReference section */

/* Begin PBXFrameworksBuildPhase section */
		ADA871D520A74C35005CD450 /* Frameworks */ = {
			isa = PBXFrameworksBuildPhase;
			buildActionMask = 2147483647;
			files = (
			);
			runOnlyForDeploymentPostprocessing = 0;
		};
		ADA871EC20A74C37005CD450 /* Frameworks */ = {
			isa = PBXFrameworksBuildPhase;
			buildActionMask = 2147483647;
			files = (
			);
			runOnlyForDeploymentPostprocessing = 0;
		};
		ADA871F720A74C37005CD450 /* Frameworks */ = {
			isa = PBXFrameworksBuildPhase;
			buildActionMask = 2147483647;
			files = (
			);
			runOnlyForDeploymentPostprocessing = 0;
		};
/* End PBXFrameworksBuildPhase section */

/* Begin PBXGroup section */
		ADA871CF20A74C35005CD450 = {
			isa = PBXGroup;
			children = (
				ADA871DA20A74C35005CD450 /* Rayhane_Hamoumi_multec_werkstuk2 */,
				ADA871F220A74C37005CD450 /* Rayhane_Hamoumi_multec_werkstuk2Tests */,
				ADA871FD20A74C37005CD450 /* Rayhane_Hamoumi_multec_werkstuk2UITests */,
				ADA871D920A74C35005CD450 /* Products */,
			);
			sourceTree = "<group>";
		};
		ADA871D920A74C35005CD450 /* Products */ = {
			isa = PBXGroup;
			children = (
				ADA871D820A74C35005CD450 /* Rayhane_Hamoumi_multec_werkstuk2.app */,
				ADA871EF20A74C37005CD450 /* Rayhane_Hamoumi_multec_werkstuk2Tests.xctest */,
				ADA871FA20A74C37005CD450 /* Rayhane_Hamoumi_multec_werkstuk2UITests.xctest */,
			);
			name = Products;
			sourceTree = "<group>";
		};
		ADA871DA20A74C35005CD450 /* Rayhane_Hamoumi_multec_werkstuk2 */ = {
			isa = PBXGroup;
			children = (
				ADA871DB20A74C35005CD450 /* AppDelegate.swift */,
				ADA871DD20A74C35005CD450 /* ViewController.swift */,
				ADA8721820A7936F005CD450 /* ViloStation.swift */,
				ADA871DF20A74C35005CD450 /* Main.storyboard */,
				ADA871E520A74C37005CD450 /* Assets.xcassets */,
				ADA871E720A74C37005CD450 /* LaunchScreen.storyboard */,
				ADA871EA20A74C37005CD450 /* Info.plist */,
				ADA871E220A74C35005CD450 /* Rayhane_Hamoumi_multec_werkstuk2.xcdatamodeld */,
			);
			path = Rayhane_Hamoumi_multec_werkstuk2;
			sourceTree = "<group>";
		};
		ADA871F220A74C37005CD450 /* Rayhane_Hamoumi_multec_werkstuk2Tests */ = {
			isa = PBXGroup;
			children = (
				ADA871F320A74C37005CD450 /* Rayhane_Hamoumi_multec_werkstuk2Tests.swift */,
				ADA871F520A74C37005CD450 /* Info.plist */,
			);
			path = Rayhane_Hamoumi_multec_werkstuk2Tests;
			sourceTree = "<group>";
		};
		ADA871FD20A74C37005CD450 /* Rayhane_Hamoumi_multec_werkstuk2UITests */ = {
			isa = PBXGroup;
			children = (
				ADA871FE20A74C37005CD450 /* Rayhane_Hamoumi_multec_werkstuk2UITests.swift */,
				ADA8720020A74C37005CD450 /* Info.plist */,
			);
			path = Rayhane_Hamoumi_multec_werkstuk2UITests;
			sourceTree = "<group>";
		};
/* End PBXGroup section */

/* Begin PBXNativeTarget section */
		ADA871D720A74C35005CD450 /* Rayhane_Hamoumi_multec_werkstuk2 */ = {
			isa = PBXNativeTarget;
			buildConfigurationList = ADA8720320A74C37005CD450 /* Build configuration list for PBXNativeTarget "Rayhane_Hamoumi_multec_werkstuk2" */;
			buildPhases = (
				ADA871D420A74C35005CD450 /* Sources */,
				ADA871D520A74C35005CD450 /* Frameworks */,
				ADA871D620A74C35005CD450 /* Resources */,
			);
			buildRules = (
			);
			dependencies = (
			);
			name = Rayhane_Hamoumi_multec_werkstuk2;
			productName = Rayhane_Hamoumi_multec_werkstuk2;
			productReference = ADA871D820A74C35005CD450 /* Rayhane_Hamoumi_multec_werkstuk2.app */;
			productType = "com.apple.product-type.application";
		};
		ADA871EE20A74C37005CD450 /* Rayhane_Hamoumi_multec_werkstuk2Tests */ = {
			isa = PBXNativeTarget;
			buildConfigurationList = ADA8720620A74C37005CD450 /* Build configuration list for PBXNativeTarget "Rayhane_Hamoumi_multec_werkstuk2Tests" */;
			buildPhases = (
				ADA871EB20A74C37005CD450 /* Sources */,
				ADA871EC20A74C37005CD450 /* Frameworks */,
				ADA871ED20A74C37005CD450 /* Resources */,
			);
			buildRules = (
			);
			dependencies = (
				ADA871F120A74C37005CD450 /* PBXTargetDependency */,
			);
			name = Rayhane_Hamoumi_multec_werkstuk2Tests;
			productName = Rayhane_Hamoumi_multec_werkstuk2Tests;
			productReference = ADA871EF20A74C37005CD450 /* Rayhane_Hamoumi_multec_werkstuk2Tests.xctest */;
			productType = "com.apple.product-type.bundle.unit-test";
		};
		ADA871F920A74C37005CD450 /* Rayhane_Hamoumi_multec_werkstuk2UITests */ = {
			isa = PBXNativeTarget;
			buildConfigurationList = ADA8720920A74C37005CD450 /* Build configuration list for PBXNativeTarget "Rayhane_Hamoumi_multec_werkstuk2UITests" */;
			buildPhases = (
				ADA871F620A74C37005CD450 /* Sources */,
				ADA871F720A74C37005CD450 /* Frameworks */,
				ADA871F820A74C37005CD450 /* Resources */,
			);
			buildRules = (
			);
			dependencies = (
				ADA871FC20A74C37005CD450 /* PBXTargetDependency */,
			);
			name = Rayhane_Hamoumi_multec_werkstuk2UITests;
			productName = Rayhane_Hamoumi_multec_werkstuk2UITests;
			productReference = ADA871FA20A74C37005CD450 /* Rayhane_Hamoumi_multec_werkstuk2UITests.xctest */;
			productType = "com.apple.product-type.bundle.ui-testing";
		};
/* End PBXNativeTarget section */

/* Begin PBXProject section */
		ADA871D020A74C35005CD450 /* Project object */ = {
			isa = PBXProject;
			attributes = {
				LastSwiftUpdateCheck = 0930;
				LastUpgradeCheck = 0930;
				ORGANIZATIONNAME = ehb.be;
				TargetAttributes = {
					ADA871D720A74C35005CD450 = {
						CreatedOnToolsVersion = 9.3;
					};
					ADA871EE20A74C37005CD450 = {
						CreatedOnToolsVersion = 9.3;
						TestTargetID = ADA871D720A74C35005CD450;
					};
					ADA871F920A74C37005CD450 = {
						CreatedOnToolsVersion = 9.3;
						TestTargetID = ADA871D720A74C35005CD450;
					};
				};
			};
			buildConfigurationList = ADA871D320A74C35005CD450 /* Build configuration list for PBXProject "Rayhane_Hamoumi_multec_werkstuk2" */;
			compatibilityVersion = "Xcode 9.3";
			developmentRegion = en;
			hasScannedForEncodings = 0;
			knownRegions = (
				en,
				Base,
			);
			mainGroup = ADA871CF20A74C35005CD450;
			productRefGroup = ADA871D920A74C35005CD450 /* Products */;
			projectDirPath = "";
			projectRoot = "";
			targets = (
				ADA871D720A74C35005CD450 /* Rayhane_Hamoumi_multec_werkstuk2 */,
				ADA871EE20A74C37005CD450 /* Rayhane_Hamoumi_multec_werkstuk2Tests */,
				ADA871F920A74C37005CD450 /* Rayhane_Hamoumi_multec_werkstuk2UITests */,
			);
		};
/* End PBXProject section */

/* Begin PBXResourcesBuildPhase section */
		ADA871D620A74C35005CD450 /* Resources */ = {
			isa = PBXResourcesBuildPhase;
			buildActionMask = 2147483647;
			files = (
				ADA871E920A74C37005CD450 /* LaunchScreen.storyboard in Resources */,
				ADA871E620A74C37005CD450 /* Assets.xcassets in Resources */,
				ADA871E120A74C35005CD450 /* Main.storyboard in Resources */,
			);
			runOnlyForDeploymentPostprocessing = 0;
		};
		ADA871ED20A74C37005CD450 /* Resources */ = {
			isa = PBXResourcesBuildPhase;
			buildActionMask = 2147483647;
			files = (
			);
			runOnlyForDeploymentPostprocessing = 0;
		};
		ADA871F820A74C37005CD450 /* Resources */ = {
			isa = PBXResourcesBuildPhase;
			buildActionMask = 2147483647;
			files = (
			);
			runOnlyForDeploymentPostprocessing = 0;
		};
/* End PBXResourcesBuildPhase section */

/* Begin PBXSourcesBuildPhase section */
		ADA871D420A74C35005CD450 /* Sources */ = {
			isa = PBXSourcesBuildPhase;
			buildActionMask = 2147483647;
			files = (
				ADA8721920A7936F005CD450 /* ViloStation.swift in Sources */,
				ADA871DE20A74C35005CD450 /* ViewController.swift in Sources */,
				ADA871E420A74C35005CD450 /* Rayhane_Hamoumi_multec_werkstuk2.xcdatamodeld in Sources */,
				ADA871DC20A74C35005CD450 /* AppDelegate.swift in Sources */,
			);
			runOnlyForDeploymentPostprocessing = 0;
		};
		ADA871EB20A74C37005CD450 /* Sources */ = {
			isa = PBXSourcesBuildPhase;
			buildActionMask = 2147483647;
			files = (
				ADA871F420A74C37005CD450 /* Rayhane_Hamoumi_multec_werkstuk2Tests.swift in Sources */,
			);
			runOnlyForDeploymentPostprocessing = 0;
		};
		ADA871F620A74C37005CD450 /* Sources */ = {
			isa = PBXSourcesBuildPhase;
			buildActionMask = 2147483647;
			files = (
				ADA871FF20A74C37005CD450 /* Rayhane_Hamoumi_multec_werkstuk2UITests.swift in Sources */,
			);
			runOnlyForDeploymentPostprocessing = 0;
		};
/* End PBXSourcesBuildPhase section */

/* Begin PBXTargetDependency section */
		ADA871F120A74C37005CD450 /* PBXTargetDependency */ = {
			isa = PBXTargetDependency;
			target = ADA871D720A74C35005CD450 /* Rayhane_Hamoumi_multec_werkstuk2 */;
			targetProxy = ADA871F020A74C37005CD450 /* PBXContainerItemProxy */;
		};
		ADA871FC20A74C37005CD450 /* PBXTargetDependency */ = {
			isa = PBXTargetDependency;
			target = ADA871D720A74C35005CD450 /* Rayhane_Hamoumi_multec_werkstuk2 */;
			targetProxy = ADA871FB20A74C37005CD450 /* PBXContainerItemProxy */;
		};
/* End PBXTargetDependency section */

/* Begin PBXVariantGroup section */
		ADA871DF20A74C35005CD450 /* Main.storyboard */ = {
			isa = PBXVariantGroup;
			children = (
				ADA871E020A74C35005CD450 /* Base */,
			);
			name = Main.storyboard;
			sourceTree = "<group>";
		};
		ADA871E720A74C37005CD450 /* LaunchScreen.storyboard */ = {
			isa = PBXVariantGroup;
			children = (
				ADA871E820A74C37005CD450 /* Base */,
			);
			name = LaunchScreen.storyboard;
			sourceTree = "<group>";
		};
/* End PBXVariantGroup section */

/* Begin XCBuildConfiguration section */
		ADA8720120A74C37005CD450 /* Debug */ = {
			isa = XCBuildConfiguration;
			buildSettings = {
				ALWAYS_SEARCH_USER_PATHS = NO;
				CLANG_ANALYZER_NONNULL = YES;
				CLANG_ANALYZER_NUMBER_OBJECT_CONVERSION = YES_AGGRESSIVE;
				CLANG_CXX_LANGUAGE_STANDARD = "gnu++14";
				CLANG_CXX_LIBRARY = "libc++";
				CLANG_ENABLE_MODULES = YES;
				CLANG_ENABLE_OBJC_ARC = YES;
				CLANG_ENABLE_OBJC_WEAK = YES;
				CLANG_WARN_BLOCK_CAPTURE_AUTORELEASING = YES;
				CLANG_WARN_BOOL_CONVERSION = YES;
				CLANG_WARN_COMMA = YES;
				CLANG_WARN_CONSTANT_CONVERSION = YES;
				CLANG_WARN_DEPRECATED_OBJC_IMPLEMENTATIONS = YES;
				CLANG_WARN_DIRECT_OBJC_ISA_USAGE = YES_ERROR;
				CLANG_WARN_DOCUMENTATION_COMMENTS = YES;
				CLANG_WARN_EMPTY_BODY = YES;
				CLANG_WARN_ENUM_CONVERSION = YES;
				CLANG_WARN_INFINITE_RECURSION = YES;
				CLANG_WARN_INT_CONVERSION = YES;
				CLANG_WARN_NON_LITERAL_NULL_CONVERSION = YES;
				CLANG_WARN_OBJC_IMPLICIT_RETAIN_SELF = YES;
				CLANG_WARN_OBJC_LITERAL_CONVERSION = YES;
				CLANG_WARN_OBJC_ROOT_CLASS = YES_ERROR;
				CLANG_WARN_RANGE_LOOP_ANALYSIS = YES;
				CLANG_WARN_STRICT_PROTOTYPES = YES;
				CLANG_WARN_SUSPICIOUS_MOVE = YES;
				CLANG_WARN_UNGUARDED_AVAILABILITY = YES_AGGRESSIVE;
				CLANG_WARN_UNREACHABLE_CODE = YES;
				CLANG_WARN__DUPLICATE_METHOD_MATCH = YES;
				CODE_SIGN_IDENTITY = "iPhone Developer";
				COPY_PHASE_STRIP = NO;
				DEBUG_INFORMATION_FORMAT = dwarf;
				ENABLE_STRICT_OBJC_MSGSEND = YES;
				ENABLE_TESTABILITY = YES;
				GCC_C_LANGUAGE_STANDARD = gnu11;
				GCC_DYNAMIC_NO_PIC = NO;
				GCC_NO_COMMON_BLOCKS = YES;
				GCC_OPTIMIZATION_LEVEL = 0;
				GCC_PREPROCESSOR_DEFINITIONS = (
					"DEBUG=1",
					"$(inherited)",
				);
				GCC_WARN_64_TO_32_BIT_CONVERSION = YES;
				GCC_WARN_ABOUT_RETURN_TYPE = YES_ERROR;
				GCC_WARN_UNDECLARED_SELECTOR = YES;
				GCC_WARN_UNINITIALIZED_AUTOS = YES_AGGRESSIVE;
				GCC_WARN_UNUSED_FUNCTION = YES;
				GCC_WARN_UNUSED_VARIABLE = YES;
				IPHONEOS_DEPLOYMENT_TARGET = 11.3;
				MTL_ENABLE_DEBUG_INFO = YES;
				ONLY_ACTIVE_ARCH = YES;
				SDKROOT = iphoneos;
				SWIFT_ACTIVE_COMPILATION_CONDITIONS = DEBUG;
				SWIFT_OPTIMIZATION_LEVEL = "-Onone";
			};
			name = Debug;
		};
		ADA8720220A74C37005CD450 /* Release */ = {
			isa = XCBuildConfiguration;
			buildSettings = {
				ALWAYS_SEARCH_USER_PATHS = NO;
				CLANG_ANALYZER_NONNULL = YES;
				CLANG_ANALYZER_NUMBER_OBJECT_CONVERSION = YES_AGGRESSIVE;
				CLANG_CXX_LANGUAGE_STANDARD = "gnu++14";
				CLANG_CXX_LIBRARY = "libc++";
				CLANG_ENABLE_MODULES = YES;
				CLANG_ENABLE_OBJC_ARC = YES;
				CLANG_ENABLE_OBJC_WEAK = YES;
				CLANG_WARN_BLOCK_CAPTURE_AUTORELEASING = YES;
				CLANG_WARN_BOOL_CONVERSION = YES;
				CLANG_WARN_COMMA = YES;
				CLANG_WARN_CONSTANT_CONVERSION = YES;
				CLANG_WARN_DEPRECATED_OBJC_IMPLEMENTATIONS = YES;
				CLANG_WARN_DIRECT_OBJC_ISA_USAGE = YES_ERROR;
				CLANG_WARN_DOCUMENTATION_COMMENTS = YES;
				CLANG_WARN_EMPTY_BODY = YES;
				CLANG_WARN_ENUM_CONVERSION = YES;
				CLANG_WARN_INFINITE_RECURSION = YES;
				CLANG_WARN_INT_CONVERSION = YES;
				CLANG_WARN_NON_LITERAL_NULL_CONVERSION = YES;
				CLANG_WARN_OBJC_IMPLICIT_RETAIN_SELF = YES;
				CLANG_WARN_OBJC_LITERAL_CONVERSION = YES;
				CLANG_WARN_OBJC_ROOT_CLASS = YES_ERROR;
				CLANG_WARN_RANGE_LOOP_ANALYSIS = YES;
				CLANG_WARN_STRICT_PROTOTYPES = YES;
				CLANG_WARN_SUSPICIOUS_MOVE = YES;
				CLANG_WARN_UNGUARDED_AVAILABILITY = YES_AGGRESSIVE;
				CLANG_WARN_UNREACHABLE_CODE = YES;
				CLANG_WARN__DUPLICATE_METHOD_MATCH = YES;
				CODE_SIGN_IDENTITY = "iPhone Developer";
				COPY_PHASE_STRIP = NO;
				DEBUG_INFORMATION_FORMAT = "dwarf-with-dsym";
				ENABLE_NS_ASSERTIONS = NO;
				ENABLE_STRICT_OBJC_MSGSEND = YES;
				GCC_C_LANGUAGE_STANDARD = gnu11;
				GCC_NO_COMMON_BLOCKS = YES;
				GCC_WARN_64_TO_32_BIT_CONVERSION = YES;
				GCC_WARN_ABOUT_RETURN_TYPE = YES_ERROR;
				GCC_WARN_UNDECLARED_SELECTOR = YES;
				GCC_WARN_UNINITIALIZED_AUTOS = YES_AGGRESSIVE;
				GCC_WARN_UNUSED_FUNCTION = YES;
				GCC_WARN_UNUSED_VARIABLE = YES;
				IPHONEOS_DEPLOYMENT_TARGET = 11.3;
				MTL_ENABLE_DEBUG_INFO = NO;
				SDKROOT = iphoneos;
				SWIFT_COMPILATION_MODE = wholemodule;
				SWIFT_OPTIMIZATION_LEVEL = "-O";
				VALIDATE_PRODUCT = YES;
			};
			name = Release;
		};
		ADA8720420A74C37005CD450 /* Debug */ = {
			isa = XCBuildConfiguration;
			buildSettings = {
				ASSETCATALOG_COMPILER_APPICON_NAME = AppIcon;
				CODE_SIGN_STYLE = Automatic;
				INFOPLIST_FILE = Rayhane_Hamoumi_multec_werkstuk2/Info.plist;
				LD_RUNPATH_SEARCH_PATHS = (
					"$(inherited)",
					"@executable_path/Frameworks",
				);
				PRODUCT_BUNDLE_IDENTIFIER = "rayhane.Rayhane-Hamoumi-multec-werkstuk2";
				PRODUCT_NAME = "$(TARGET_NAME)";
				SWIFT_VERSION = 4.0;
				TARGETED_DEVICE_FAMILY = "1,2";
			};
			name = Debug;
		};
		ADA8720520A74C37005CD450 /* Release */ = {
			isa = XCBuildConfiguration;
			buildSettings = {
				ASSETCATALOG_COMPILER_APPICON_NAME = AppIcon;
				CODE_SIGN_STYLE = Automatic;
				INFOPLIST_FILE = Rayhane_Hamoumi_multec_werkstuk2/Info.plist;
				LD_RUNPATH_SEARCH_PATHS = (
					"$(inherited)",
					"@executable_path/Frameworks",
				);
				PRODUCT_BUNDLE_IDENTIFIER = "rayhane.Rayhane-Hamoumi-multec-werkstuk2";
				PRODUCT_NAME = "$(TARGET_NAME)";
				SWIFT_VERSION = 4.0;
				TARGETED_DEVICE_FAMILY = "1,2";
			};
			name = Release;
		};
		ADA8720720A74C37005CD450 /* Debug */ = {
			isa = XCBuildConfiguration;
			buildSettings = {
				ALWAYS_EMBED_SWIFT_STANDARD_LIBRARIES = YES;
				BUNDLE_LOADER = "$(TEST_HOST)";
				CODE_SIGN_STYLE = Automatic;
				INFOPLIST_FILE = Rayhane_Hamoumi_multec_werkstuk2Tests/Info.plist;
				LD_RUNPATH_SEARCH_PATHS = (
					"$(inherited)",
					"@executable_path/Frameworks",
					"@loader_path/Frameworks",
				);
				PRODUCT_BUNDLE_IDENTIFIER = "rayhane.Rayhane-Hamoumi-multec-werkstuk2Tests";
				PRODUCT_NAME = "$(TARGET_NAME)";
				SWIFT_VERSION = 4.0;
				TARGETED_DEVICE_FAMILY = "1,2";
				TEST_HOST = "$(BUILT_PRODUCTS_DIR)/Rayhane_Hamoumi_multec_werkstuk2.app/Rayhane_Hamoumi_multec_werkstuk2";
			};
			name = Debug;
		};
		ADA8720820A74C37005CD450 /* Release */ = {
			isa = XCBuildConfiguration;
			buildSettings = {
				ALWAYS_EMBED_SWIFT_STANDARD_LIBRARIES = YES;
				BUNDLE_LOADER = "$(TEST_HOST)";
				CODE_SIGN_STYLE = Automatic;
				INFOPLIST_FILE = Rayhane_Hamoumi_multec_werkstuk2Tests/Info.plist;
				LD_RUNPATH_SEARCH_PATHS = (
					"$(inherited)",
					"@executable_path/Frameworks",
					"@loader_path/Frameworks",
				);
				PRODUCT_BUNDLE_IDENTIFIER = "rayhane.Rayhane-Hamoumi-multec-werkstuk2Tests";
				PRODUCT_NAME = "$(TARGET_NAME)";
				SWIFT_VERSION = 4.0;
				TARGETED_DEVICE_FAMILY = "1,2";
				TEST_HOST = "$(BUILT_PRODUCTS_DIR)/Rayhane_Hamoumi_multec_werkstuk2.app/Rayhane_Hamoumi_multec_werkstuk2";
			};
			name = Release;
		};
		ADA8720A20A74C37005CD450 /* Debug */ = {
			isa = XCBuildConfiguration;
			buildSettings = {
				ALWAYS_EMBED_SWIFT_STANDARD_LIBRARIES = YES;
				CODE_SIGN_STYLE = Automatic;
				INFOPLIST_FILE = Rayhane_Hamoumi_multec_werkstuk2UITests/Info.plist;
				LD_RUNPATH_SEARCH_PATHS = (
					"$(inherited)",
					"@executable_path/Frameworks",
					"@loader_path/Frameworks",
				);
				PRODUCT_BUNDLE_IDENTIFIER = "rayhane.Rayhane-Hamoumi-multec-werkstuk2UITests";
				PRODUCT_NAME = "$(TARGET_NAME)";
				SWIFT_VERSION = 4.0;
				TARGETED_DEVICE_FAMILY = "1,2";
				TEST_TARGET_NAME = Rayhane_Hamoumi_multec_werkstuk2;
			};
			name = Debug;
		};
		ADA8720B20A74C37005CD450 /* Release */ = {
			isa = XCBuildConfiguration;
			buildSettings = {
				ALWAYS_EMBED_SWIFT_STANDARD_LIBRARIES = YES;
				CODE_SIGN_STYLE = Automatic;
				INFOPLIST_FILE = Rayhane_Hamoumi_multec_werkstuk2UITests/Info.plist;
				LD_RUNPATH_SEARCH_PATHS = (
					"$(inherited)",
					"@executable_path/Frameworks",
					"@loader_path/Frameworks",
				);
				PRODUCT_BUNDLE_IDENTIFIER = "rayhane.Rayhane-Hamoumi-multec-werkstuk2UITests";
				PRODUCT_NAME = "$(TARGET_NAME)";
				SWIFT_VERSION = 4.0;
				TARGETED_DEVICE_FAMILY = "1,2";
				TEST_TARGET_NAME = Rayhane_Hamoumi_multec_werkstuk2;
			};
			name = Release;
		};
/* End XCBuildConfiguration section */

/* Begin XCConfigurationList section */
		ADA871D320A74C35005CD450 /* Build configuration list for PBXProject "Rayhane_Hamoumi_multec_werkstuk2" */ = {
			isa = XCConfigurationList;
			buildConfigurations = (
				ADA8720120A74C37005CD450 /* Debug */,
				ADA8720220A74C37005CD450 /* Release */,
			);
			defaultConfigurationIsVisible = 0;
			defaultConfigurationName = Release;
		};
		ADA8720320A74C37005CD450 /* Build configuration list for PBXNativeTarget "Rayhane_Hamoumi_multec_werkstuk2" */ = {
			isa = XCConfigurationList;
			buildConfigurations = (
				ADA8720420A74C37005CD450 /* Debug */,
				ADA8720520A74C37005CD450 /* Release */,
			);
			defaultConfigurationIsVisible = 0;
			defaultConfigurationName = Release;
		};
		ADA8720620A74C37005CD450 /* Build configuration list for PBXNativeTarget "Rayhane_Hamoumi_multec_werkstuk2Tests" */ = {
			isa = XCConfigurationList;
			buildConfigurations = (
				ADA8720720A74C37005CD450 /* Debug */,
				ADA8720820A74C37005CD450 /* Release */,
			);
			defaultConfigurationIsVisible = 0;
			defaultConfigurationName = Release;
		};
		ADA8720920A74C37005CD450 /* Build configuration list for PBXNativeTarget "Rayhane_Hamoumi_multec_werkstuk2UITests" */ = {
			isa = XCConfigurationList;
			buildConfigurations = (
				ADA8720A20A74C37005CD450 /* Debug */,
				ADA8720B20A74C37005CD450 /* Release */,
			);
			defaultConfigurationIsVisible = 0;
			defaultConfigurationName = Release;
		};
/* End XCConfigurationList section */

/* Begin XCVersionGroup section */
		ADA871E220A74C35005CD450 /* Rayhane_Hamoumi_multec_werkstuk2.xcdatamodeld */ = {
			isa = XCVersionGroup;
			children = (
				ADA871E320A74C35005CD450 /* Rayhane_Hamoumi_multec_werkstuk2.xcdatamodel */,
			);
			currentVersion = ADA871E320A74C35005CD450 /* Rayhane_Hamoumi_multec_werkstuk2.xcdatamodel */;
			path = Rayhane_Hamoumi_multec_werkstuk2.xcdatamodeld;
			sourceTree = "<group>";
			versionGroupType = wrapper.xcdatamodel;
		};
/* End XCVersionGroup section */
	};
	rootObject = ADA871D020A74C35005CD450 /* Project object */;
}
